
Microsoft Visual Studio Solution File, Format Version 10.00
# Visual Studio 2008
Project("{FAE04EC0-301F-11D3-BF4B-00C04F79EFBC}") = "Xenosynth", "Xenosynth\Xenosynth.csproj", "{D5703B02-234D-46F5-8DD4-E06F430ED72B}"
EndProject
Global
	GlobalSection(SolutionConfigurationPlatforms) = preSolution
		Debug|Any CPU = Debug|Any CPU
		Release|Any CPU = Release|Any CPU
	EndGlobalSection
	GlobalSection(ProjectConfigurationPlatforms) = postSolution
		{D5703B02-234D-46F5-8DD4-E06F430ED72B}.Debug|Any CPU.ActiveCfg = Debug|Any CPU
		{D5703B02-234D-46F5-8DD4-E06F430ED72B}.Debug|Any CPU.Build.0 = Debug|Any CPU
		{D5703B02-234D-46F5-8DD4-E06F430ED72B}.Release|Any CPU.ActiveCfg = Release|Any CPU
		{D5703B02-234D-46F5-8DD4-E06F430ED72B}.Release|Any CPU.Build.0 = Release|Any CPU
	EndGlobalSection
	GlobalSection(MonoDevelopProperties) = preSolution
		StartupItem = Xenosynth\Xenosynth.csproj
	EndGlobalSection
EndGlobal
